
Microsoft Visual Studio Solution File, Format Version 12.00
# Visual Studio Version 16
VisualStudioVersion = 16.0.31025.194
MinimumVisualStudioVersion = 10.0.40219.1
Project("{8BC9CEB8-8B4A-11D0-8D11-00A0C91BC942}") = "RayTracerCPP", "RayTracerCPP\RayTracerCPP.vcxproj", "{1B38241C-3B54-4A47-8155-FCE85AC189F1}"
EndProject
Project("{2150E333-8FDC-42A3-9474-1A3956D46DE8}") = "Solution Items", "Solution Items", "{8E33AEA0-3942-45AD-B7EB-590979655403}"
	ProjectSection(SolutionItems) = preProject
		..\.gitignore = ..\.gitignore
		..\LICENSE = ..\LICENSE
		..\README.md = ..\README.md
	EndProjectSection
EndProject
Project("{8BC9CEB8-8B4A-11D0-8D11-00A0C91BC942}") = "RayTracerCPPTests", "RayTracerCPPTests\RayTracerCPPTests.vcxproj", "{130498B2-0381-48AC-A576-CD2BD4166443}"
EndProject
Project("{8BC9CEB8-8B4A-11D0-8D11-00A0C91BC942}") = "RayTracerCPPRunner", "RayTracerCPPRunner\RayTracerCPPRunner.vcxproj", "{5372CB56-6E4A-44C5-8F12-C0BE0AAF8C8C}"
EndProject
Global
	GlobalSection(SolutionConfigurationPlatforms) = preSolution
		Debug|x64 = Debug|x64
		Debug|x86 = Debug|x86
		Release|x64 = Release|x64
		Release|x86 = Release|x86
	EndGlobalSection
	GlobalSection(ProjectConfigurationPlatforms) = postSolution
		{1B38241C-3B54-4A47-8155-FCE85AC189F1}.Debug|x64.ActiveCfg = Debug|x64
		{1B38241C-3B54-4A47-8155-FCE85AC189F1}.Debug|x64.Build.0 = Debug|x64
		{1B38241C-3B54-4A47-8155-FCE85AC189F1}.Debug|x86.ActiveCfg = Debug|Win32
		{1B38241C-3B54-4A47-8155-FCE85AC189F1}.Debug|x86.Build.0 = Debug|Win32
		{1B38241C-3B54-4A47-8155-FCE85AC189F1}.Release|x64.ActiveCfg = Release|x64
		{1B38241C-3B54-4A47-8155-FCE85AC189F1}.Release|x64.Build.0 = Release|x64
		{1B38241C-3B54-4A47-8155-FCE85AC189F1}.Release|x86.ActiveCfg = Release|Win32
		{1B38241C-3B54-4A47-8155-FCE85AC189F1}.Release|x86.Build.0 = Release|Win32
		{130498B2-0381-48AC-A576-CD2BD4166443}.Debug|x64.ActiveCfg = Debug|x64
		{130498B2-0381-48AC-A576-CD2BD4166443}.Debug|x64.Build.0 = Debug|x64
		{130498B2-0381-48AC-A576-CD2BD4166443}.Debug|x86.ActiveCfg = Debug|Win32
		{130498B2-0381-48AC-A576-CD2BD4166443}.Debug|x86.Build.0 = Debug|Win32
		{130498B2-0381-48AC-A576-CD2BD4166443}.Release|x64.ActiveCfg = Release|x64
		{130498B2-0381-48AC-A576-CD2BD4166443}.Release|x64.Build.0 = Release|x64
		{130498B2-0381-48AC-A576-CD2BD4166443}.Release|x86.ActiveCfg = Release|Win32
		{130498B2-0381-48AC-A576-CD2BD4166443}.Release|x86.Build.0 = Release|Win32
		{5372CB56-6E4A-44C5-8F12-C0BE0AAF8C8C}.Debug|x64.ActiveCfg = Debug|x64
		{5372CB56-6E4A-44C5-8F12-C0BE0AAF8C8C}.Debug|x64.Build.0 = Debug|x64
		{5372CB56-6E4A-44C5-8F12-C0BE0AAF8C8C}.Debug|x86.ActiveCfg = Debug|Win32
		{5372CB56-6E4A-44C5-8F12-C0BE0AAF8C8C}.Debug|x86.Build.0 = Debug|Win32
		{5372CB56-6E4A-44C5-8F12-C0BE0AAF8C8C}.Release|x64.ActiveCfg = Release|x64
		{5372CB56-6E4A-44C5-8F12-C0BE0AAF8C8C}.Release|x64.Build.0 = Release|x64
		{5372CB56-6E4A-44C5-8F12-C0BE0AAF8C8C}.Release|x86.ActiveCfg = Release|Win32
		{5372CB56-6E4A-44C5-8F12-C0BE0AAF8C8C}.Release|x86.Build.0 = Release|Win32
	EndGlobalSection
	GlobalSection(SolutionProperties) = preSolution
		HideSolutionNode = FALSE
	EndGlobalSection
	GlobalSection(ExtensibilityGlobals) = postSolution
		SolutionGuid = {E17178DF-1B7B-43D4-9183-A94982B819F5}
	EndGlobalSection
EndGlobal
